
Microsoft Visual Studio Solution File, Format Version 12.00
# Visual Studio Version 17
VisualStudioVersion = 17.0.31912.275
MinimumVisualStudioVersion = 10.0.40219.1
Project("{FAE04EC0-301F-11D3-BF4B-00C04F79EFBC}") = "NestingAndBoxes", "NestingAndBoxes\NestingAndBoxes.csproj", "{BE8D7054-830B-4E0C-A423-2EF062D9EFA9}"
EndProject
Global
	GlobalSection(SolutionConfigurationPlatforms) = preSolution
		Debug|Any CPU = Debug|Any CPU
		Release|Any CPU = Release|Any CPU
	EndGlobalSection
	GlobalSection(ProjectConfigurationPlatforms) = postSolution
		{BE8D7054-830B-4E0C-A423-2EF062D9EFA9}.Debug|Any CPU.ActiveCfg = Debug|Any CPU
		{BE8D7054-830B-4E0C-A423-2EF062D9EFA9}.Debug|Any CPU.Build.0 = Debug|Any CPU
		{BE8D7054-830B-4E0C-A423-2EF062D9EFA9}.Release|Any CPU.ActiveCfg = Release|Any CPU
		{BE8D7054-830B-4E0C-A423-2EF062D9EFA9}.Release|Any CPU.Build.0 = Release|Any CPU
	EndGlobalSection
	GlobalSection(SolutionProperties) = preSolution
		HideSolutionNode = FALSE
	EndGlobalSection
	GlobalSection(ExtensibilityGlobals) = postSolution
		SolutionGuid = {C657A3BC-B9E4-43F8-9745-B0940ABCFF11}
	EndGlobalSection
EndGlobal
